
Microsoft Visual Studio Solution File, Format Version 12.00
# Visual Studio Version 17
VisualStudioVersion = 17.1.32421.90
MinimumVisualStudioVersion = 10.0.40219.1
Project("{9A19103F-16F7-4668-BE54-9A1E7A4F7556}") = "Inf107(2)", "INF\Inf107(2).csproj", "{BE1E2233-5D53-4243-806D-9ECD9389AD71}"
EndProject
Project("{9A19103F-16F7-4668-BE54-9A1E7A4F7556}") = "AISD107", "AISD107\AISD107.csproj", "{2544874A-F58F-4505-8CCD-63AEC0798B87}"
EndProject
Global
	GlobalSection(SolutionConfigurationPlatforms) = preSolution
		Debug|Any CPU = Debug|Any CPU
		Release|Any CPU = Release|Any CPU
	EndGlobalSection
	GlobalSection(ProjectConfigurationPlatforms) = postSolution
		{BE1E2233-5D53-4243-806D-9ECD9389AD71}.Debug|Any CPU.ActiveCfg = Debug|Any CPU
		{BE1E2233-5D53-4243-806D-9ECD9389AD71}.Debug|Any CPU.Build.0 = Debug|Any CPU
		{BE1E2233-5D53-4243-806D-9ECD9389AD71}.Release|Any CPU.ActiveCfg = Release|Any CPU
		{BE1E2233-5D53-4243-806D-9ECD9389AD71}.Release|Any CPU.Build.0 = Release|Any CPU
		{2544874A-F58F-4505-8CCD-63AEC0798B87}.Debug|Any CPU.ActiveCfg = Debug|Any CPU
		{2544874A-F58F-4505-8CCD-63AEC0798B87}.Debug|Any CPU.Build.0 = Debug|Any CPU
		{2544874A-F58F-4505-8CCD-63AEC0798B87}.Release|Any CPU.ActiveCfg = Release|Any CPU
		{2544874A-F58F-4505-8CCD-63AEC0798B87}.Release|Any CPU.Build.0 = Release|Any CPU
	EndGlobalSection
	GlobalSection(SolutionProperties) = preSolution
		HideSolutionNode = FALSE
	EndGlobalSection
	GlobalSection(ExtensibilityGlobals) = postSolution
		SolutionGuid = {CB594D98-142A-42FE-BA6D-DD8BFAAE7E2D}
	EndGlobalSection
EndGlobal
